
Microsoft Visual Studio Solution File, Format Version 12.00
# Visual Studio 15
VisualStudioVersion = 15.0.28307.271
MinimumVisualStudioVersion = 10.0.40219.1
Project("{FAE04EC0-301F-11D3-BF4B-00C04F79EFBC}") = "IntivePatronage2", "IntivePatronage2\IntivePatronage2.csproj", "{2AD83C42-07BC-4DB2-9C14-8D001FE032BB}"
EndProject
Global
	GlobalSection(SolutionConfigurationPlatforms) = preSolution
		Debug|Any CPU = Debug|Any CPU
		Release|Any CPU = Release|Any CPU
	EndGlobalSection
	GlobalSection(ProjectConfigurationPlatforms) = postSolution
		{2AD83C42-07BC-4DB2-9C14-8D001FE032BB}.Debug|Any CPU.ActiveCfg = Debug|Any CPU
		{2AD83C42-07BC-4DB2-9C14-8D001FE032BB}.Debug|Any CPU.Build.0 = Debug|Any CPU
		{2AD83C42-07BC-4DB2-9C14-8D001FE032BB}.Release|Any CPU.ActiveCfg = Release|Any CPU
		{2AD83C42-07BC-4DB2-9C14-8D001FE032BB}.Release|Any CPU.Build.0 = Release|Any CPU
	EndGlobalSection
	GlobalSection(SolutionProperties) = preSolution
		HideSolutionNode = FALSE
	EndGlobalSection
	GlobalSection(ExtensibilityGlobals) = postSolution
		SolutionGuid = {50A963B5-221E-4AAE-BD25-32642AD1B4B1}
	EndGlobalSection
EndGlobal
